// !$*UTF8*$!
{
	archiveVersion = 1;
	classes = {
	};
	objectVersion = 46;
	objects = {

/* Begin PBXBuildFile section */
		EB254D4B1DBF6E660047245A /* PlainLoaderView.swift in Sources */ = {isa = PBXBuildFile; fileRef = EB254D4A1DBF6E660047245A /* PlainLoaderView.swift */; };
		EB400B241D9CDA9700B7A1D4 /* AppDelegate.swift in Sources */ = {isa = PBXBuildFile; fileRef = EB400B231D9CDA9700B7A1D4 /* AppDelegate.swift */; };
		EB400B261D9CDA9700B7A1D4 /* ViewController.swift in Sources */ = {isa = PBXBuildFile; fileRef = EB400B251D9CDA9700B7A1D4 /* ViewController.swift */; };
		EB400B291D9CDA9700B7A1D4 /* Main.storyboard in Resources */ = {isa = PBXBuildFile; fileRef = EB400B271D9CDA9700B7A1D4 /* Main.storyboard */; };
		EB400B2B1D9CDA9700B7A1D4 /* Assets.xcassets in Resources */ = {isa = PBXBuildFile; fileRef = EB400B2A1D9CDA9700B7A1D4 /* Assets.xcassets */; };
		EB400B2E1D9CDA9700B7A1D4 /* LaunchScreen.storyboard in Resources */ = {isa = PBXBuildFile; fileRef = EB400B2C1D9CDA9700B7A1D4 /* LaunchScreen.storyboard */; };
/* End PBXBuildFile section */

/* Begin PBXFileReference section */
		EB254D4A1DBF6E660047245A /* PlainLoaderView.swift */ = {isa = PBXFileReference; fileEncoding = 4; lastKnownFileType = sourcecode.swift; path = PlainLoaderView.swift; sourceTree = "<group>"; };
		EB400B201D9CDA9700B7A1D4 /* PlainLoaderDemo.app */ = {isa = PBXFileReference; explicitFileType = wrapper.application; includeInIndex = 0; path = PlainLoaderDemo.app; sourceTree = BUILT_PRODUCTS_DIR; };
		EB400B231D9CDA9700B7A1D4 /* AppDelegate.swift */ = {isa = PBXFileReference; lastKnownFileType = sourcecode.swift; path = AppDelegate.swift; sourceTree = "<group>"; };
		EB400B251D9CDA9700B7A1D4 /* ViewController.swift */ = {isa = PBXFileReference; lastKnownFileType = sourcecode.swift; path = ViewController.swift; sourceTree = "<group>"; };
		EB400B281D9CDA9700B7A1D4 /* Base */ = {isa = PBXFileReference; lastKnownFileType = file.storyboard; name = Base; path = Base.lproj/Main.storyboard; sourceTree = "<group>"; };
		EB400B2A1D9CDA9700B7A1D4 /* Assets.xcassets */ = {isa = PBXFileReference; lastKnownFileType = folder.assetcatalog; path = Assets.xcassets; sourceTree = "<group>"; };
		EB400B2D1D9CDA9700B7A1D4 /* Base */ = {isa = PBXFileReference; lastKnownFileType = file.storyboard; name = Base; path = Base.lproj/LaunchScreen.storyboard; sourceTree = "<group>"; };
		EB400B2F1D9CDA9700B7A1D4 /* Info.plist */ = {isa = PBXFileReference; lastKnownFileType = text.plist.xml; path = Info.plist; sourceTree = "<group>"; };
/* End PBXFileReference section */

/* Begin PBXFrameworksBuildPhase section */
		EB400B1D1D9CDA9700B7A1D4 /* Frameworks */ = {
			isa = PBXFrameworksBuildPhase;
			buildActionMask = 2147483647;
			files = (
			);
			runOnlyForDeploymentPostprocessing = 0;
		};
/* End PBXFrameworksBuildPhase section */

/* Begin PBXGroup section */
		EB400B171D9CDA9700B7A1D4 = {
			isa = PBXGroup;
			children = (
				EB400B221D9CDA9700B7A1D4 /* PlainLoaderDemo */,
				EB400B211D9CDA9700B7A1D4 /* Products */,
			);
			sourceTree = "<group>";
		};
		EB400B211D9CDA9700B7A1D4 /* Products */ = {
			isa = PBXGroup;
			children = (
				EB400B201D9CDA9700B7A1D4 /* PlainLoaderDemo.app */,
			);
			name = Products;
			sourceTree = "<group>";
		};
		EB400B221D9CDA9700B7A1D4 /* PlainLoaderDemo */ = {
			isa = PBXGroup;
			children = (
				EB254D4A1DBF6E660047245A /* PlainLoaderView.swift */,
				EB400B231D9CDA9700B7A1D4 /* AppDelegate.swift */,
				EB400B251D9CDA9700B7A1D4 /* ViewController.swift */,
				EB400B271D9CDA9700B7A1D4 /* Main.storyboard */,
				EB400B2A1D9CDA9700B7A1D4 /* Assets.xcassets */,
				EB400B2C1D9CDA9700B7A1D4 /* LaunchScreen.storyboard */,
				EB400B2F1D9CDA9700B7A1D4 /* Info.plist */,
			);
			path = PlainLoaderDemo;
			sourceTree = "<group>";
		};
/* End PBXGroup section */

/* Begin PBXNativeTarget section */
		EB400B1F1D9CDA9700B7A1D4 /* PlainLoaderDemo */ = {
			isa = PBXNativeTarget;
			buildConfigurationList = EB400B321D9CDA9700B7A1D4 /* Build configuration list for PBXNativeTarget "PlainLoaderDemo" */;
			buildPhases = (
				EB400B1C1D9CDA9700B7A1D4 /* Sources */,
				EB400B1D1D9CDA9700B7A1D4 /* Frameworks */,
				EB400B1E1D9CDA9700B7A1D4 /* Resources */,
			);
			buildRules = (
			);
			dependencies = (
			);
			name = PlainLoaderDemo;
			productName = PlainLoaderDemo;
			productReference = EB400B201D9CDA9700B7A1D4 /* PlainLoaderDemo.app */;
			productType = "com.apple.product-type.application";
		};
/* End PBXNativeTarget section */

/* Begin PBXProject section */
		EB400B181D9CDA9700B7A1D4 /* Project object */ = {
			isa = PBXProject;
			attributes = {
				LastSwiftUpdateCheck = 0800;
				LastUpgradeCheck = 0800;
				ORGANIZATIONNAME = Saravanan;
				TargetAttributes = {
					EB400B1F1D9CDA9700B7A1D4 = {
						CreatedOnToolsVersion = 8.0;
						DevelopmentTeam = 27D5AK34R7;
						LastSwiftMigration = 0800;
						ProvisioningStyle = Automatic;
					};
				};
			};
			buildConfigurationList = EB400B1B1D9CDA9700B7A1D4 /* Build configuration list for PBXProject "PlainLoaderDemo" */;
			compatibilityVersion = "Xcode 3.2";
			developmentRegion = English;
			hasScannedForEncodings = 0;
			knownRegions = (
				en,
				Base,
			);
			mainGroup = EB400B171D9CDA9700B7A1D4;
			productRefGroup = EB400B211D9CDA9700B7A1D4 /* Products */;
			projectDirPath = "";
			projectRoot = "";
			targets = (
				EB400B1F1D9CDA9700B7A1D4 /* PlainLoaderDemo */,
			);
		};
/* End PBXProject section */

/* Begin PBXResourcesBuildPhase section */
		EB400B1E1D9CDA9700B7A1D4 /* Resources */ = {
			isa = PBXResourcesBuildPhase;
			buildActionMask = 2147483647;
			files = (
				EB400B2E1D9CDA9700B7A1D4 /* LaunchScreen.storyboard in Resources */,
				EB400B2B1D9CDA9700B7A1D4 /* Assets.xcassets in Resources */,
				EB400B291D9CDA9700B7A1D4 /* Main.storyboard in Resources */,
			);
			runOnlyForDeploymentPostprocessing = 0;
		};
/* End PBXResourcesBuildPhase section */

/* Begin PBXSourcesBuildPhase section */
		EB400B1C1D9CDA9700B7A1D4 /* Sources */ = {
			isa = PBXSourcesBuildPhase;
			buildActionMask = 2147483647;
			files = (
				EB254D4B1DBF6E660047245A /* PlainLoaderView.swift in Sources */,
				EB400B261D9CDA9700B7A1D4 /* ViewController.swift in Sources */,
				EB400B241D9CDA9700B7A1D4 /* AppDelegate.swift in Sources */,
			);
			runOnlyForDeploymentPostprocessing = 0;
		};
/* End PBXSourcesBuildPhase section */

/* Begin PBXVariantGroup section */
		EB400B271D9CDA9700B7A1D4 /* Main.storyboard */ = {
			isa = PBXVariantGroup;
			children = (
				EB400B281D9CDA9700B7A1D4 /* Base */,
			);
			name = Main.storyboard;
			sourceTree = "<group>";
		};
		EB400B2C1D9CDA9700B7A1D4 /* LaunchScreen.storyboard */ = {
			isa = PBXVariantGroup;
			children = (
				EB400B2D1D9CDA9700B7A1D4 /* Base */,
			);
			name = LaunchScreen.storyboard;
			sourceTree = "<group>";
		};
/* End PBXVariantGroup section */

/* Begin XCBuildConfiguration section */
		EB400B301D9CDA9700B7A1D4 /* Debug */ = {
			isa = XCBuildConfiguration;
			buildSettings = {
				ALWAYS_SEARCH_USER_PATHS = NO;
				CLANG_ANALYZER_NONNULL = YES;
				CLANG_CXX_LANGUAGE_STANDARD = "gnu++0x";
				CLANG_CXX_LIBRARY = "libc++";
				CLANG_ENABLE_MODULES = YES;
				CLANG_ENABLE_OBJC_ARC = YES;
				CLANG_WARN_BOOL_CONVERSION = YES;
				CLANG_WARN_CONSTANT_CONVERSION = YES;
				CLANG_WARN_DIRECT_OBJC_ISA_USAGE = YES_ERROR;
				CLANG_WARN_DOCUMENTATION_COMMENTS = YES;
				CLANG_WARN_EMPTY_BODY = YES;
				CLANG_WARN_ENUM_CONVERSION = YES;
				CLANG_WARN_INFINITE_RECURSION = YES;
				CLANG_WARN_INT_CONVERSION = YES;
				CLANG_WARN_OBJC_ROOT_CLASS = YES_ERROR;
				CLANG_WARN_SUSPICIOUS_MOVES = YES;
				CLANG_WARN_UNREACHABLE_CODE = YES;
				CLANG_WARN__DUPLICATE_METHOD_MATCH = YES;
				"CODE_SIGN_IDENTITY[sdk=iphoneos*]" = "iPhone Developer";
				COPY_PHASE_STRIP = NO;
				DEBUG_INFORMATION_FORMAT = dwarf;
				ENABLE_STRICT_OBJC_MSGSEND = YES;
				ENABLE_TESTABILITY = YES;
				GCC_C_LANGUAGE_STANDARD = gnu99;
				GCC_DYNAMIC_NO_PIC = NO;
				GCC_NO_COMMON_BLOCKS = YES;
				GCC_OPTIMIZATION_LEVEL = 0;
				GCC_PREPROCESSOR_DEFINITIONS = (
					"DEBUG=1",
					"$(inherited)",
				);
				GCC_WARN_64_TO_32_BIT_CONVERSION = YES;
				GCC_WARN_ABOUT_RETURN_TYPE = YES_ERROR;
				GCC_WARN_UNDECLARED_SELECTOR = YES;
				GCC_WARN_UNINITIALIZED_AUTOS = YES_AGGRESSIVE;
				GCC_WARN_UNUSED_FUNCTION = YES;
				GCC_WARN_UNUSED_VARIABLE = YES;
				IPHONEOS_DEPLOYMENT_TARGET = 10.0;
				MTL_ENABLE_DEBUG_INFO = YES;
				ONLY_ACTIVE_ARCH = YES;
				SDKROOT = iphoneos;
				SWIFT_ACTIVE_COMPILATION_CONDITIONS = DEBUG;
				SWIFT_OPTIMIZATION_LEVEL = "-Onone";
				TARGETED_DEVICE_FAMILY = "1,2";
			};
			name = Debug;
		};
		EB400B311D9CDA9700B7A1D4 /* Release */ = {
			isa = XCBuildConfiguration;
			buildSettings = {
				ALWAYS_SEARCH_USER_PATHS = NO;
				CLANG_ANALYZER_NONNULL = YES;
				CLANG_CXX_LANGUAGE_STANDARD = "gnu++0x";
				CLANG_CXX_LIBRARY = "libc++";
				CLANG_ENABLE_MODULES = YES;
				CLANG_ENABLE_OBJC_ARC = YES;
				CLANG_WARN_BOOL_CONVERSION = YES;
				CLANG_WARN_CONSTANT_CONVERSION = YES;
				CLANG_WARN_DIRECT_OBJC_ISA_USAGE = YES_ERROR;
				CLANG_WARN_DOCUMENTATION_COMMENTS = YES;
				CLANG_WARN_EMPTY_BODY = YES;
				CLANG_WARN_ENUM_CONVERSION = YES;
				CLANG_WARN_INFINITE_RECURSION = YES;
				CLANG_WARN_INT_CONVERSION = YES;
				CLANG_WARN_OBJC_ROOT_CLASS = YES_ERROR;
				CLANG_WARN_SUSPICIOUS_MOVES = YES;
				CLANG_WARN_UNREACHABLE_CODE = YES;
				CLANG_WARN__DUPLICATE_METHOD_MATCH = YES;
				"CODE_SIGN_IDENTITY[sdk=iphoneos*]" = "iPhone Developer";
				COPY_PHASE_STRIP = NO;
				DEBUG_INFORMATION_FORMAT = "dwarf-with-dsym";
				ENABLE_NS_ASSERTIONS = NO;
				ENABLE_STRICT_OBJC_MSGSEND = YES;
				GCC_C_LANGUAGE_STANDARD = gnu99;
				GCC_NO_COMMON_BLOCKS = YES;
				GCC_WARN_64_TO_32_BIT_CONVERSION = YES;
				GCC_WARN_ABOUT_RETURN_TYPE = YES_ERROR;
				GCC_WARN_UNDECLARED_SELECTOR = YES;
				GCC_WARN_UNINITIALIZED_AUTOS = YES_AGGRESSIVE;
				GCC_WARN_UNUSED_FUNCTION = YES;
				GCC_WARN_UNUSED_VARIABLE = YES;
				IPHONEOS_DEPLOYMENT_TARGET = 10.0;
				MTL_ENABLE_DEBUG_INFO = NO;
				SDKROOT = iphoneos;
				SWIFT_OPTIMIZATION_LEVEL = "-Owholemodule";
				TARGETED_DEVICE_FAMILY = "1,2";
				VALIDATE_PRODUCT = YES;
			};
			name = Release;
		};
		EB400B331D9CDA9700B7A1D4 /* Debug */ = {
			isa = XCBuildConfiguration;
			buildSettings = {
				ASSETCATALOG_COMPILER_APPICON_NAME = AppIcon;
				DEVELOPMENT_TEAM = 27D5AK34R7;
				INFOPLIST_FILE = PlainLoaderDemo/Info.plist;
				LD_RUNPATH_SEARCH_PATHS = "$(inherited) @executable_path/Frameworks";
				PRODUCT_BUNDLE_IDENTIFIER = saravanan.PlainLoaderDemo;
				PRODUCT_NAME = "$(TARGET_NAME)";
				SWIFT_VERSION = 3.0;
			};
			name = Debug;
		};
		EB400B341D9CDA9700B7A1D4 /* Release */ = {
			isa = XCBuildConfiguration;
			buildSettings = {
				ASSETCATALOG_COMPILER_APPICON_NAME = AppIcon;
				DEVELOPMENT_TEAM = 27D5AK34R7;
				INFOPLIST_FILE = PlainLoaderDemo/Info.plist;
				LD_RUNPATH_SEARCH_PATHS = "$(inherited) @executable_path/Frameworks";
				PRODUCT_BUNDLE_IDENTIFIER = saravanan.PlainLoaderDemo;
				PRODUCT_NAME = "$(TARGET_NAME)";
				SWIFT_VERSION = 3.0;
			};
			name = Release;
		};
/* End XCBuildConfiguration section */

/* Begin XCConfigurationList section */
		EB400B1B1D9CDA9700B7A1D4 /* Build configuration list for PBXProject "PlainLoaderDemo" */ = {
			isa = XCConfigurationList;
			buildConfigurations = (
				EB400B301D9CDA9700B7A1D4 /* Debug */,
				EB400B311D9CDA9700B7A1D4 /* Release */,
			);
			defaultConfigurationIsVisible = 0;
			defaultConfigurationName = Release;
		};
		EB400B321D9CDA9700B7A1D4 /* Build configuration list for PBXNativeTarget "PlainLoaderDemo" */ = {
			isa = XCConfigurationList;
			buildConfigurations = (
				EB400B331D9CDA9700B7A1D4 /* Debug */,
				EB400B341D9CDA9700B7A1D4 /* Release */,
			);
			defaultConfigurationIsVisible = 0;
			defaultConfigurationName = Release;
		};
/* End XCConfigurationList section */
	};
	rootObject = EB400B181D9CDA9700B7A1D4 /* Project object */;
}
